{
    "_readme": [
        "This file locks the dependencies of your project to a known state",
        "Read more about it at https://getcomposer.org/doc/01-basic-usage.md#installing-dependencies",
        "This file is @generated automatically"
    ],
    "content-hash": "3df32f3f359cf9ed37f489dc8e9869c1",
    "packages": [
        {
            "name": "mrcnpdlk/lib-exception",
            "version": "0.1.0",
            "source": {
                "type": "git",
                "url": "https://github.com/mrcnpdlk/lib-exception.git",
                "reference": "159747cd0c8b8db97a26236aa00559666ce209ff"
            },
            "dist": {
                "type": "zip",
                "url": "https://api.github.com/repos/mrcnpdlk/lib-exception/zipball/159747cd0c8b8db97a26236aa00559666ce209ff",
                "reference": "159747cd0c8b8db97a26236aa00559666ce209ff",
                "shasum": ""
            },
            "require": {
                "php": ">=7.2"
            },
            "type": "library",
            "autoload": {
                "psr-4": {
                    "Mrcnpdlk\\Lib\\": "src/"
                }
            },
            "notification-url": "https://packagist.org/downloads/",
            "license": [
                "MIT"
            ],
            "authors": [
                {
                    "name": "Marcin Pudełek",
                    "email": "marcin@pudelek.org.pl",
                    "role": "Developer"
                }
            ],
            "description": "Exception Library",
            "support": {
                "issues": "https://github.com/mrcnpdlk/lib-exception/issues",
                "source": "https://github.com/mrcnpdlk/lib-exception/tree/0.1.0"
            },
            "time": "2019-03-30T19:11:27+00:00"
        },
        {
            "name": "psr/log",
            "version": "1.1.4",
            "source": {
                "type": "git",
                "url": "https://github.com/php-fig/log.git",
                "reference": "d49695b909c3b7628b6289db5479a1c204601f11"
            },
            "dist": {
                "type": "zip",
                "url": "https://api.github.com/repos/php-fig/log/zipball/d49695b909c3b7628b6289db5479a1c204601f11",
                "reference": "d49695b909c3b7628b6289db5479a1c204601f11",
                "shasum": ""
            },
            "require": {
                "php": ">=5.3.0"
            },
            "type": "library",
            "extra": {
                "branch-alias": {
                    "dev-master": "1.1.x-dev"
                }
            },
            "autoload": {
                "psr-4": {
                    "Psr\\Log\\": "Psr/Log/"
                }
            },
            "notification-url": "https://packagist.org/downloads/",
            "license": [
                "MIT"
            ],
            "authors": [
                {
                    "name": "PHP-FIG",
                    "homepage": "https://www.php-fig.org/"
                }
            ],
            "description": "Common interface for logging libraries",
            "homepage": "https://github.com/php-fig/log",
            "keywords": [
                "log",
                "psr",
                "psr-3"
            ],
            "support": {
                "source": "https://github.com/php-fig/log/tree/1.1.4"
            },
            "time": "2021-05-03T11:20:27+00:00"
        }
    ],
    "packages-dev": [],
    "aliases": [],
    "minimum-stability": "stable",
    "stability-flags": [],
    "prefer-stable": false,
    "prefer-lowest": false,
    "platform": {
        "php": ">=7.2"
    },
    "platform-dev": [],
    "plugin-api-version": "2.6.0"
}
